
Microsoft Visual Studio Solution File, Format Version 12.00
# Visual Studio Version 16
VisualStudioVersion = 16.0.29806.167
MinimumVisualStudioVersion = 10.0.40219.1
Project("{FAE04EC0-301F-11D3-BF4B-00C04F79EFBC}") = "Task1", "Task1\Task1.csproj", "{67423EFC-A395-4616-BCD5-D0ED9D8B373D}"
EndProject
Project("{FAE04EC0-301F-11D3-BF4B-00C04F79EFBC}") = "Task2", "Task2\Task2.csproj", "{FF6B719E-DDC6-4C0C-AE15-A825035F42CE}"
EndProject
Project("{FAE04EC0-301F-11D3-BF4B-00C04F79EFBC}") = "Task3", "Task3\Task3.csproj", "{F4E471A5-4036-4267-8D48-59EE409CC6D2}"
EndProject
Project("{FAE04EC0-301F-11D3-BF4B-00C04F79EFBC}") = "Task4", "Task4\Task4.csproj", "{BDFDC0D2-688B-4221-AC51-1A417AC3CFF0}"
EndProject
Project("{FAE04EC0-301F-11D3-BF4B-00C04F79EFBC}") = "Task5", "Task5\Task5.csproj", "{9ECC2528-299A-4DEC-A76E-106BC14BE61F}"
EndProject
Global
	GlobalSection(SolutionConfigurationPlatforms) = preSolution
		Debug|Any CPU = Debug|Any CPU
		Release|Any CPU = Release|Any CPU
	EndGlobalSection
	GlobalSection(ProjectConfigurationPlatforms) = postSolution
		{67423EFC-A395-4616-BCD5-D0ED9D8B373D}.Debug|Any CPU.ActiveCfg = Debug|Any CPU
		{67423EFC-A395-4616-BCD5-D0ED9D8B373D}.Debug|Any CPU.Build.0 = Debug|Any CPU
		{67423EFC-A395-4616-BCD5-D0ED9D8B373D}.Release|Any CPU.ActiveCfg = Release|Any CPU
		{67423EFC-A395-4616-BCD5-D0ED9D8B373D}.Release|Any CPU.Build.0 = Release|Any CPU
		{FF6B719E-DDC6-4C0C-AE15-A825035F42CE}.Debug|Any CPU.ActiveCfg = Debug|Any CPU
		{FF6B719E-DDC6-4C0C-AE15-A825035F42CE}.Debug|Any CPU.Build.0 = Debug|Any CPU
		{FF6B719E-DDC6-4C0C-AE15-A825035F42CE}.Release|Any CPU.ActiveCfg = Release|Any CPU
		{FF6B719E-DDC6-4C0C-AE15-A825035F42CE}.Release|Any CPU.Build.0 = Release|Any CPU
		{F4E471A5-4036-4267-8D48-59EE409CC6D2}.Debug|Any CPU.ActiveCfg = Debug|Any CPU
		{F4E471A5-4036-4267-8D48-59EE409CC6D2}.Debug|Any CPU.Build.0 = Debug|Any CPU
		{F4E471A5-4036-4267-8D48-59EE409CC6D2}.Release|Any CPU.ActiveCfg = Release|Any CPU
		{F4E471A5-4036-4267-8D48-59EE409CC6D2}.Release|Any CPU.Build.0 = Release|Any CPU
		{BDFDC0D2-688B-4221-AC51-1A417AC3CFF0}.Debug|Any CPU.ActiveCfg = Debug|Any CPU
		{BDFDC0D2-688B-4221-AC51-1A417AC3CFF0}.Debug|Any CPU.Build.0 = Debug|Any CPU
		{BDFDC0D2-688B-4221-AC51-1A417AC3CFF0}.Release|Any CPU.ActiveCfg = Release|Any CPU
		{BDFDC0D2-688B-4221-AC51-1A417AC3CFF0}.Release|Any CPU.Build.0 = Release|Any CPU
		{9ECC2528-299A-4DEC-A76E-106BC14BE61F}.Debug|Any CPU.ActiveCfg = Debug|Any CPU
		{9ECC2528-299A-4DEC-A76E-106BC14BE61F}.Debug|Any CPU.Build.0 = Debug|Any CPU
		{9ECC2528-299A-4DEC-A76E-106BC14BE61F}.Release|Any CPU.ActiveCfg = Release|Any CPU
		{9ECC2528-299A-4DEC-A76E-106BC14BE61F}.Release|Any CPU.Build.0 = Release|Any CPU
	EndGlobalSection
	GlobalSection(SolutionProperties) = preSolution
		HideSolutionNode = FALSE
	EndGlobalSection
	GlobalSection(ExtensibilityGlobals) = postSolution
		SolutionGuid = {31C8523B-E32F-4201-B4C8-7CFB98C4626D}
	EndGlobalSection
EndGlobal
